// !$*UTF8*$!
{
	archiveVersion = 1;
	classes = {
	};
	objectVersion = 46;
	objects = {

/* Begin PBXBuildFile section */
		3A3D21B11BBAB67700A7D98C /* main.m in Sources */ = {isa = PBXBuildFile; fileRef = 3A3D21B01BBAB67700A7D98C /* main.m */; };
		3A3D21B41BBAB67700A7D98C /* AppDelegate.m in Sources */ = {isa = PBXBuildFile; fileRef = 3A3D21B31BBAB67700A7D98C /* AppDelegate.m */; };
		3A3D21B71BBAB67700A7D98C /* HomeViewController.m in Sources */ = {isa = PBXBuildFile; fileRef = 3A3D21B61BBAB67700A7D98C /* HomeViewController.m */; };
		3A3D21BA1BBAB67700A7D98C /* Main.storyboard in Resources */ = {isa = PBXBuildFile; fileRef = 3A3D21B81BBAB67700A7D98C /* Main.storyboard */; };
		3A3D21BC1BBAB67700A7D98C /* Assets.xcassets in Resources */ = {isa = PBXBuildFile; fileRef = 3A3D21BB1BBAB67700A7D98C /* Assets.xcassets */; };
		3A3D21BF1BBAB67700A7D98C /* LaunchScreen.storyboard in Resources */ = {isa = PBXBuildFile; fileRef = 3A3D21BD1BBAB67700A7D98C /* LaunchScreen.storyboard */; };
		3A3D21CA1BBAB67700A7D98C /* BeaconTests.m in Sources */ = {isa = PBXBuildFile; fileRef = 3A3D21C91BBAB67700A7D98C /* BeaconTests.m */; };
		3A3D21D51BBAB67700A7D98C /* BeaconUITests.m in Sources */ = {isa = PBXBuildFile; fileRef = 3A3D21D41BBAB67700A7D98C /* BeaconUITests.m */; };
		3A3D21E51BBAB76900A7D98C /* DetailBeaconViewController.m in Sources */ = {isa = PBXBuildFile; fileRef = 3A3D21E41BBAB76900A7D98C /* DetailBeaconViewController.m */; };
		3A3D21E71BBABAD300A7D98C /* CoreLocation.framework in Frameworks */ = {isa = PBXBuildFile; fileRef = 3A3D21E61BBABAD300A7D98C /* CoreLocation.framework */; };
		3A3D21EE1BBABBE800A7D98C /* Interface.storyboard in Resources */ = {isa = PBXBuildFile; fileRef = 3A3D21EC1BBABBE800A7D98C /* Interface.storyboard */; };
		3A3D21F01BBABBE800A7D98C /* Assets.xcassets in Resources */ = {isa = PBXBuildFile; fileRef = 3A3D21EF1BBABBE800A7D98C /* Assets.xcassets */; };
		3A3D21F71BBABBE800A7D98C /* BeaconWatch Extension.appex in Embed App Extensions */ = {isa = PBXBuildFile; fileRef = 3A3D21F61BBABBE800A7D98C /* BeaconWatch Extension.appex */; settings = {ATTRIBUTES = (RemoveHeadersOnCopy, ); }; };
		3A3D21FF1BBABBE800A7D98C /* InterfaceController.m in Sources */ = {isa = PBXBuildFile; fileRef = 3A3D21FE1BBABBE800A7D98C /* InterfaceController.m */; };
		3A3D22021BBABBE900A7D98C /* ExtensionDelegate.m in Sources */ = {isa = PBXBuildFile; fileRef = 3A3D22011BBABBE900A7D98C /* ExtensionDelegate.m */; };
		3A3D22051BBABBE900A7D98C /* NotificationController.m in Sources */ = {isa = PBXBuildFile; fileRef = 3A3D22041BBABBE900A7D98C /* NotificationController.m */; };
		3A3D22071BBABBE900A7D98C /* Assets.xcassets in Resources */ = {isa = PBXBuildFile; fileRef = 3A3D22061BBABBE900A7D98C /* Assets.xcassets */; };
		3A3D220B1BBABBE900A7D98C /* BeaconWatch.app in Embed Watch Content */ = {isa = PBXBuildFile; fileRef = 3A3D21EA1BBABBE800A7D98C /* BeaconWatch.app */; };
/* End PBXBuildFile section */

/* Begin PBXContainerItemProxy section */
		3A3D21C61BBAB67700A7D98C /* PBXContainerItemProxy */ = {
			isa = PBXContainerItemProxy;
			containerPortal = 3A3D21A41BBAB67600A7D98C /* Project object */;
			proxyType = 1;
			remoteGlobalIDString = 3A3D21AB1BBAB67700A7D98C;
			remoteInfo = Beacon;
		};
		3A3D21D11BBAB67700A7D98C /* PBXContainerItemProxy */ = {
			isa = PBXContainerItemProxy;
			containerPortal = 3A3D21A41BBAB67600A7D98C /* Project object */;
			proxyType = 1;
			remoteGlobalIDString = 3A3D21AB1BBAB67700A7D98C;
			remoteInfo = Beacon;
		};
		3A3D21F81BBABBE800A7D98C /* PBXContainerItemProxy */ = {
			isa = PBXContainerItemProxy;
			containerPortal = 3A3D21A41BBAB67600A7D98C /* Project object */;
			proxyType = 1;
			remoteGlobalIDString = 3A3D21F51BBABBE800A7D98C;
			remoteInfo = "BeaconWatch Extension";
		};
		3A3D22091BBABBE900A7D98C /* PBXContainerItemProxy */ = {
			isa = PBXContainerItemProxy;
			containerPortal = 3A3D21A41BBAB67600A7D98C /* Project object */;
			proxyType = 1;
			remoteGlobalIDString = 3A3D21E91BBABBE800A7D98C;
			remoteInfo = BeaconWatch;
		};
/* End PBXContainerItemProxy section */

/* Begin PBXCopyFilesBuildPhase section */
		3A3D220F1BBABBE900A7D98C /* Embed App Extensions */ = {
			isa = PBXCopyFilesBuildPhase;
			buildActionMask = 2147483647;
			dstPath = "";
			dstSubfolderSpec = 13;
			files = (
				3A3D21F71BBABBE800A7D98C /* BeaconWatch Extension.appex in Embed App Extensions */,
			);
			name = "Embed App Extensions";
			runOnlyForDeploymentPostprocessing = 0;
		};
		3A3D22131BBABBE900A7D98C /* Embed Watch Content */ = {
			isa = PBXCopyFilesBuildPhase;
			buildActionMask = 2147483647;
			dstPath = "$(CONTENTS_FOLDER_PATH)/Watch";
			dstSubfolderSpec = 16;
			files = (
				3A3D220B1BBABBE900A7D98C /* BeaconWatch.app in Embed Watch Content */,
			);
			name = "Embed Watch Content";
			runOnlyForDeploymentPostprocessing = 0;
		};
/* End PBXCopyFilesBuildPhase section */

/* Begin PBXFileReference section */
		3A3D21AC1BBAB67700A7D98C /* Beacon.app */ = {isa = PBXFileReference; explicitFileType = wrapper.application; includeInIndex = 0; path = Beacon.app; sourceTree = BUILT_PRODUCTS_DIR; };
		3A3D21B01BBAB67700A7D98C /* main.m */ = {isa = PBXFileReference; lastKnownFileType = sourcecode.c.objc; path = main.m; sourceTree = "<group>"; };
		3A3D21B21BBAB67700A7D98C /* AppDelegate.h */ = {isa = PBXFileReference; lastKnownFileType = sourcecode.c.h; path = AppDelegate.h; sourceTree = "<group>"; };
		3A3D21B31BBAB67700A7D98C /* AppDelegate.m */ = {isa = PBXFileReference; lastKnownFileType = sourcecode.c.objc; path = AppDelegate.m; sourceTree = "<group>"; };
		3A3D21B51BBAB67700A7D98C /* HomeViewController.h */ = {isa = PBXFileReference; lastKnownFileType = sourcecode.c.h; path = HomeViewController.h; sourceTree = "<group>"; };
		3A3D21B61BBAB67700A7D98C /* HomeViewController.m */ = {isa = PBXFileReference; lastKnownFileType = sourcecode.c.objc; path = HomeViewController.m; sourceTree = "<group>"; };
		3A3D21B91BBAB67700A7D98C /* Base */ = {isa = PBXFileReference; lastKnownFileType = file.storyboard; name = Base; path = Base.lproj/Main.storyboard; sourceTree = "<group>"; };
		3A3D21BB1BBAB67700A7D98C /* Assets.xcassets */ = {isa = PBXFileReference; lastKnownFileType = folder.assetcatalog; path = Assets.xcassets; sourceTree = "<group>"; };
		3A3D21BE1BBAB67700A7D98C /* Base */ = {isa = PBXFileReference; lastKnownFileType = file.storyboard; name = Base; path = Base.lproj/LaunchScreen.storyboard; sourceTree = "<group>"; };
		3A3D21C01BBAB67700A7D98C /* Info.plist */ = {isa = PBXFileReference; lastKnownFileType = text.plist.xml; path = Info.plist; sourceTree = "<group>"; };
		3A3D21C51BBAB67700A7D98C /* BeaconTests.xctest */ = {isa = PBXFileReference; explicitFileType = wrapper.cfbundle; includeInIndex = 0; path = BeaconTests.xctest; sourceTree = BUILT_PRODUCTS_DIR; };
		3A3D21C91BBAB67700A7D98C /* BeaconTests.m */ = {isa = PBXFileReference; lastKnownFileType = sourcecode.c.objc; path = BeaconTests.m; sourceTree = "<group>"; };
		3A3D21CB1BBAB67700A7D98C /* Info.plist */ = {isa = PBXFileReference; lastKnownFileType = text.plist.xml; path = Info.plist; sourceTree = "<group>"; };
		3A3D21D01BBAB67700A7D98C /* BeaconUITests.xctest */ = {isa = PBXFileReference; explicitFileType = wrapper.cfbundle; includeInIndex = 0; path = BeaconUITests.xctest; sourceTree = BUILT_PRODUCTS_DIR; };
		3A3D21D41BBAB67700A7D98C /* BeaconUITests.m */ = {isa = PBXFileReference; lastKnownFileType = sourcecode.c.objc; path = BeaconUITests.m; sourceTree = "<group>"; };
		3A3D21D61BBAB67700A7D98C /* Info.plist */ = {isa = PBXFileReference; lastKnownFileType = text.plist.xml; path = Info.plist; sourceTree = "<group>"; };
		3A3D21E31BBAB76900A7D98C /* DetailBeaconViewController.h */ = {isa = PBXFileReference; fileEncoding = 4; lastKnownFileType = sourcecode.c.h; path = DetailBeaconViewController.h; sourceTree = "<group>"; };
		3A3D21E41BBAB76900A7D98C /* DetailBeaconViewController.m */ = {isa = PBXFileReference; fileEncoding = 4; lastKnownFileType = sourcecode.c.objc; path = DetailBeaconViewController.m; sourceTree = "<group>"; };
		3A3D21E61BBABAD300A7D98C /* CoreLocation.framework */ = {isa = PBXFileReference; lastKnownFileType = wrapper.framework; name = CoreLocation.framework; path = System/Library/Frameworks/CoreLocation.framework; sourceTree = SDKROOT; };
		3A3D21EA1BBABBE800A7D98C /* BeaconWatch.app */ = {isa = PBXFileReference; explicitFileType = wrapper.application; includeInIndex = 0; path = BeaconWatch.app; sourceTree = BUILT_PRODUCTS_DIR; };
		3A3D21ED1BBABBE800A7D98C /* Base */ = {isa = PBXFileReference; lastKnownFileType = file.storyboard; name = Base; path = Base.lproj/Interface.storyboard; sourceTree = "<group>"; };
		3A3D21EF1BBABBE800A7D98C /* Assets.xcassets */ = {isa = PBXFileReference; lastKnownFileType = folder.assetcatalog; path = Assets.xcassets; sourceTree = "<group>"; };
		3A3D21F11BBABBE800A7D98C /* Info.plist */ = {isa = PBXFileReference; lastKnownFileType = text.plist.xml; path = Info.plist; sourceTree = "<group>"; };
		3A3D21F61BBABBE800A7D98C /* BeaconWatch Extension.appex */ = {isa = PBXFileReference; explicitFileType = "wrapper.app-extension"; includeInIndex = 0; path = "BeaconWatch Extension.appex"; sourceTree = BUILT_PRODUCTS_DIR; };
		3A3D21FC1BBABBE800A7D98C /* PushNotificationPayload.apns */ = {isa = PBXFileReference; lastKnownFileType = text; path = PushNotificationPayload.apns; sourceTree = "<group>"; };
		3A3D21FD1BBABBE800A7D98C /* InterfaceController.h */ = {isa = PBXFileReference; lastKnownFileType = sourcecode.c.h; path = InterfaceController.h; sourceTree = "<group>"; };
		3A3D21FE1BBABBE800A7D98C /* InterfaceController.m */ = {isa = PBXFileReference; lastKnownFileType = sourcecode.c.objc; path = InterfaceController.m; sourceTree = "<group>"; };
		3A3D22001BBABBE800A7D98C /* ExtensionDelegate.h */ = {isa = PBXFileReference; lastKnownFileType = sourcecode.c.h; path = ExtensionDelegate.h; sourceTree = "<group>"; };
		3A3D22011BBABBE900A7D98C /* ExtensionDelegate.m */ = {isa = PBXFileReference; lastKnownFileType = sourcecode.c.objc; path = ExtensionDelegate.m; sourceTree = "<group>"; };
		3A3D22031BBABBE900A7D98C /* NotificationController.h */ = {isa = PBXFileReference; lastKnownFileType = sourcecode.c.h; path = NotificationController.h; sourceTree = "<group>"; };
		3A3D22041BBABBE900A7D98C /* NotificationController.m */ = {isa = PBXFileReference; lastKnownFileType = sourcecode.c.objc; path = NotificationController.m; sourceTree = "<group>"; };
		3A3D22061BBABBE900A7D98C /* Assets.xcassets */ = {isa = PBXFileReference; lastKnownFileType = folder.assetcatalog; path = Assets.xcassets; sourceTree = "<group>"; };
		3A3D22081BBABBE900A7D98C /* Info.plist */ = {isa = PBXFileReference; lastKnownFileType = text.plist.xml; path = Info.plist; sourceTree = "<group>"; };
/* End PBXFileReference section */

/* Begin PBXFrameworksBuildPhase section */
		3A3D21A91BBAB67700A7D98C /* Frameworks */ = {
			isa = PBXFrameworksBuildPhase;
			buildActionMask = 2147483647;
			files = (
				3A3D21E71BBABAD300A7D98C /* CoreLocation.framework in Frameworks */,
			);
			runOnlyForDeploymentPostprocessing = 0;
		};
		3A3D21C21BBAB67700A7D98C /* Frameworks */ = {
			isa = PBXFrameworksBuildPhase;
			buildActionMask = 2147483647;
			files = (
			);
			runOnlyForDeploymentPostprocessing = 0;
		};
		3A3D21CD1BBAB67700A7D98C /* Frameworks */ = {
			isa = PBXFrameworksBuildPhase;
			buildActionMask = 2147483647;
			files = (
			);
			runOnlyForDeploymentPostprocessing = 0;
		};
		3A3D21F31BBABBE800A7D98C /* Frameworks */ = {
			isa = PBXFrameworksBuildPhase;
			buildActionMask = 2147483647;
			files = (
			);
			runOnlyForDeploymentPostprocessing = 0;
		};
/* End PBXFrameworksBuildPhase section */

/* Begin PBXGroup section */
		3A3D21A31BBAB67600A7D98C = {
			isa = PBXGroup;
			children = (
				3A3D21E61BBABAD300A7D98C /* CoreLocation.framework */,
				3A3D21AE1BBAB67700A7D98C /* Beacon */,
				3A3D21C81BBAB67700A7D98C /* BeaconTests */,
				3A3D21D31BBAB67700A7D98C /* BeaconUITests */,
				3A3D21EB1BBABBE800A7D98C /* BeaconWatch */,
				3A3D21FA1BBABBE800A7D98C /* BeaconWatch Extension */,
				3A3D21AD1BBAB67700A7D98C /* Products */,
			);
			sourceTree = "<group>";
		};
		3A3D21AD1BBAB67700A7D98C /* Products */ = {
			isa = PBXGroup;
			children = (
				3A3D21AC1BBAB67700A7D98C /* Beacon.app */,
				3A3D21C51BBAB67700A7D98C /* BeaconTests.xctest */,
				3A3D21D01BBAB67700A7D98C /* BeaconUITests.xctest */,
				3A3D21EA1BBABBE800A7D98C /* BeaconWatch.app */,
				3A3D21F61BBABBE800A7D98C /* BeaconWatch Extension.appex */,
			);
			name = Products;
			sourceTree = "<group>";
		};
		3A3D21AE1BBAB67700A7D98C /* Beacon */ = {
			isa = PBXGroup;
			children = (
				3A3D21E21BBAB6B300A7D98C /* ViewController */,
				3A3D21B21BBAB67700A7D98C /* AppDelegate.h */,
				3A3D21B31BBAB67700A7D98C /* AppDelegate.m */,
				3A3D21B81BBAB67700A7D98C /* Main.storyboard */,
				3A3D21BB1BBAB67700A7D98C /* Assets.xcassets */,
				3A3D21BD1BBAB67700A7D98C /* LaunchScreen.storyboard */,
				3A3D21C01BBAB67700A7D98C /* Info.plist */,
				3A3D21AF1BBAB67700A7D98C /* Supporting Files */,
			);
			path = Beacon;
			sourceTree = "<group>";
		};
		3A3D21AF1BBAB67700A7D98C /* Supporting Files */ = {
			isa = PBXGroup;
			children = (
				3A3D21B01BBAB67700A7D98C /* main.m */,
			);
			name = "Supporting Files";
			sourceTree = "<group>";
		};
		3A3D21C81BBAB67700A7D98C /* BeaconTests */ = {
			isa = PBXGroup;
			children = (
				3A3D21C91BBAB67700A7D98C /* BeaconTests.m */,
				3A3D21CB1BBAB67700A7D98C /* Info.plist */,
			);
			path = BeaconTests;
			sourceTree = "<group>";
		};
		3A3D21D31BBAB67700A7D98C /* BeaconUITests */ = {
			isa = PBXGroup;
			children = (
				3A3D21D41BBAB67700A7D98C /* BeaconUITests.m */,
				3A3D21D61BBAB67700A7D98C /* Info.plist */,
			);
			path = BeaconUITests;
			sourceTree = "<group>";
		};
		3A3D21E21BBAB6B300A7D98C /* ViewController */ = {
			isa = PBXGroup;
			children = (
				3A3D21B51BBAB67700A7D98C /* HomeViewController.h */,
				3A3D21B61BBAB67700A7D98C /* HomeViewController.m */,
				3A3D21E31BBAB76900A7D98C /* DetailBeaconViewController.h */,
				3A3D21E41BBAB76900A7D98C /* DetailBeaconViewController.m */,
			);
			name = ViewController;
			sourceTree = "<group>";
		};
		3A3D21EB1BBABBE800A7D98C /* BeaconWatch */ = {
			isa = PBXGroup;
			children = (
				3A3D21EC1BBABBE800A7D98C /* Interface.storyboard */,
				3A3D21EF1BBABBE800A7D98C /* Assets.xcassets */,
				3A3D21F11BBABBE800A7D98C /* Info.plist */,
			);
			path = BeaconWatch;
			sourceTree = "<group>";
		};
		3A3D21FA1BBABBE800A7D98C /* BeaconWatch Extension */ = {
			isa = PBXGroup;
			children = (
				3A3D21FD1BBABBE800A7D98C /* InterfaceController.h */,
				3A3D21FE1BBABBE800A7D98C /* InterfaceController.m */,
				3A3D22001BBABBE800A7D98C /* ExtensionDelegate.h */,
				3A3D22011BBABBE900A7D98C /* ExtensionDelegate.m */,
				3A3D22031BBABBE900A7D98C /* NotificationController.h */,
				3A3D22041BBABBE900A7D98C /* NotificationController.m */,
				3A3D22061BBABBE900A7D98C /* Assets.xcassets */,
				3A3D22081BBABBE900A7D98C /* Info.plist */,
				3A3D21FB1BBABBE800A7D98C /* Supporting Files */,
			);
			path = "BeaconWatch Extension";
			sourceTree = "<group>";
		};
		3A3D21FB1BBABBE800A7D98C /* Supporting Files */ = {
			isa = PBXGroup;
			children = (
				3A3D21FC1BBABBE800A7D98C /* PushNotificationPayload.apns */,
			);
			name = "Supporting Files";
			sourceTree = "<group>";
		};
/* End PBXGroup section */

/* Begin PBXNativeTarget section */
		3A3D21AB1BBAB67700A7D98C /* Beacon */ = {
			isa = PBXNativeTarget;
			buildConfigurationList = 3A3D21D91BBAB67700A7D98C /* Build configuration list for PBXNativeTarget "Beacon" */;
			buildPhases = (
				3A3D21A81BBAB67700A7D98C /* Sources */,
				3A3D21A91BBAB67700A7D98C /* Frameworks */,
				3A3D21AA1BBAB67700A7D98C /* Resources */,
				3A3D22131BBABBE900A7D98C /* Embed Watch Content */,
			);
			buildRules = (
			);
			dependencies = (
				3A3D220A1BBABBE900A7D98C /* PBXTargetDependency */,
			);
			name = Beacon;
			productName = Beacon;
			productReference = 3A3D21AC1BBAB67700A7D98C /* Beacon.app */;
			productType = "com.apple.product-type.application";
		};
		3A3D21C41BBAB67700A7D98C /* BeaconTests */ = {
			isa = PBXNativeTarget;
			buildConfigurationList = 3A3D21DC1BBAB67700A7D98C /* Build configuration list for PBXNativeTarget "BeaconTests" */;
			buildPhases = (
				3A3D21C11BBAB67700A7D98C /* Sources */,
				3A3D21C21BBAB67700A7D98C /* Frameworks */,
				3A3D21C31BBAB67700A7D98C /* Resources */,
			);
			buildRules = (
			);
			dependencies = (
				3A3D21C71BBAB67700A7D98C /* PBXTargetDependency */,
			);
			name = BeaconTests;
			productName = BeaconTests;
			productReference = 3A3D21C51BBAB67700A7D98C /* BeaconTests.xctest */;
			productType = "com.apple.product-type.bundle.unit-test";
		};
		3A3D21CF1BBAB67700A7D98C /* BeaconUITests */ = {
			isa = PBXNativeTarget;
			buildConfigurationList = 3A3D21DF1BBAB67700A7D98C /* Build configuration list for PBXNativeTarget "BeaconUITests" */;
			buildPhases = (
				3A3D21CC1BBAB67700A7D98C /* Sources */,
				3A3D21CD1BBAB67700A7D98C /* Frameworks */,
				3A3D21CE1BBAB67700A7D98C /* Resources */,
			);
			buildRules = (
			);
			dependencies = (
				3A3D21D21BBAB67700A7D98C /* PBXTargetDependency */,
			);
			name = BeaconUITests;
			productName = BeaconUITests;
			productReference = 3A3D21D01BBAB67700A7D98C /* BeaconUITests.xctest */;
			productType = "com.apple.product-type.bundle.ui-testing";
		};
		3A3D21E91BBABBE800A7D98C /* BeaconWatch */ = {
			isa = PBXNativeTarget;
			buildConfigurationList = 3A3D22101BBABBE900A7D98C /* Build configuration list for PBXNativeTarget "BeaconWatch" */;
			buildPhases = (
				3A3D21E81BBABBE800A7D98C /* Resources */,
				3A3D220F1BBABBE900A7D98C /* Embed App Extensions */,
			);
			buildRules = (
			);
			dependencies = (
				3A3D21F91BBABBE800A7D98C /* PBXTargetDependency */,
			);
			name = BeaconWatch;
			productName = BeaconWatch;
			productReference = 3A3D21EA1BBABBE800A7D98C /* BeaconWatch.app */;
			productType = "com.apple.product-type.application.watchapp2";
		};
		3A3D21F51BBABBE800A7D98C /* BeaconWatch Extension */ = {
			isa = PBXNativeTarget;
			buildConfigurationList = 3A3D220C1BBABBE900A7D98C /* Build configuration list for PBXNativeTarget "BeaconWatch Extension" */;
			buildPhases = (
				3A3D21F21BBABBE800A7D98C /* Sources */,
				3A3D21F31BBABBE800A7D98C /* Frameworks */,
				3A3D21F41BBABBE800A7D98C /* Resources */,
			);
			buildRules = (
			);
			dependencies = (
			);
			name = "BeaconWatch Extension";
			productName = "BeaconWatch Extension";
			productReference = 3A3D21F61BBABBE800A7D98C /* BeaconWatch Extension.appex */;
			productType = "com.apple.product-type.watchkit2-extension";
		};
/* End PBXNativeTarget section */

/* Begin PBXProject section */
		3A3D21A41BBAB67600A7D98C /* Project object */ = {
			isa = PBXProject;
			attributes = {
				LastUpgradeCheck = 0710;
				ORGANIZATIONNAME = "Adriana Carelli";
				TargetAttributes = {
					3A3D21AB1BBAB67700A7D98C = {
						CreatedOnToolsVersion = 7.1;
						SystemCapabilities = {
							com.apple.BackgroundModes = {
								enabled = 1;
							};
						};
					};
					3A3D21C41BBAB67700A7D98C = {
						CreatedOnToolsVersion = 7.1;
						TestTargetID = 3A3D21AB1BBAB67700A7D98C;
					};
					3A3D21CF1BBAB67700A7D98C = {
						CreatedOnToolsVersion = 7.1;
						TestTargetID = 3A3D21AB1BBAB67700A7D98C;
					};
					3A3D21E91BBABBE800A7D98C = {
						CreatedOnToolsVersion = 7.1;
					};
					3A3D21F51BBABBE800A7D98C = {
						CreatedOnToolsVersion = 7.1;
					};
				};
			};
			buildConfigurationList = 3A3D21A71BBAB67600A7D98C /* Build configuration list for PBXProject "Beacon" */;
			compatibilityVersion = "Xcode 3.2";
			developmentRegion = English;
			hasScannedForEncodings = 0;
			knownRegions = (
				en,
				Base,
			);
			mainGroup = 3A3D21A31BBAB67600A7D98C;
			productRefGroup = 3A3D21AD1BBAB67700A7D98C /* Products */;
			projectDirPath = "";
			projectRoot = "";
			targets = (
				3A3D21AB1BBAB67700A7D98C /* Beacon */,
				3A3D21C41BBAB67700A7D98C /* BeaconTests */,
				3A3D21CF1BBAB67700A7D98C /* BeaconUITests */,
				3A3D21E91BBABBE800A7D98C /* BeaconWatch */,
				3A3D21F51BBABBE800A7D98C /* BeaconWatch Extension */,
			);
		};
/* End PBXProject section */

/* Begin PBXResourcesBuildPhase section */
		3A3D21AA1BBAB67700A7D98C /* Resources */ = {
			isa = PBXResourcesBuildPhase;
			buildActionMask = 2147483647;
			files = (
				3A3D21BF1BBAB67700A7D98C /* LaunchScreen.storyboard in Resources */,
				3A3D21BC1BBAB67700A7D98C /* Assets.xcassets in Resources */,
				3A3D21BA1BBAB67700A7D98C /* Main.storyboard in Resources */,
			);
			runOnlyForDeploymentPostprocessing = 0;
		};
		3A3D21C31BBAB67700A7D98C /* Resources */ = {
			isa = PBXResourcesBuildPhase;
			buildActionMask = 2147483647;
			files = (
			);
			runOnlyForDeploymentPostprocessing = 0;
		};
		3A3D21CE1BBAB67700A7D98C /* Resources */ = {
			isa = PBXResourcesBuildPhase;
			buildActionMask = 2147483647;
			files = (
			);
			runOnlyForDeploymentPostprocessing = 0;
		};
		3A3D21E81BBABBE800A7D98C /* Resources */ = {
			isa = PBXResourcesBuildPhase;
			buildActionMask = 2147483647;
			files = (
				3A3D21F01BBABBE800A7D98C /* Assets.xcassets in Resources */,
				3A3D21EE1BBABBE800A7D98C /* Interface.storyboard in Resources */,
			);
			runOnlyForDeploymentPostprocessing = 0;
		};
		3A3D21F41BBABBE800A7D98C /* Resources */ = {
			isa = PBXResourcesBuildPhase;
			buildActionMask = 2147483647;
			files = (
				3A3D22071BBABBE900A7D98C /* Assets.xcassets in Resources */,
			);
			runOnlyForDeploymentPostprocessing = 0;
		};
/* End PBXResourcesBuildPhase section */

/* Begin PBXSourcesBuildPhase section */
		3A3D21A81BBAB67700A7D98C /* Sources */ = {
			isa = PBXSourcesBuildPhase;
			buildActionMask = 2147483647;
			files = (
				3A3D21B71BBAB67700A7D98C /* HomeViewController.m in Sources */,
				3A3D21E51BBAB76900A7D98C /* DetailBeaconViewController.m in Sources */,
				3A3D21B41BBAB67700A7D98C /* AppDelegate.m in Sources */,
				3A3D21B11BBAB67700A7D98C /* main.m in Sources */,
			);
			runOnlyForDeploymentPostprocessing = 0;
		};
		3A3D21C11BBAB67700A7D98C /* Sources */ = {
			isa = PBXSourcesBuildPhase;
			buildActionMask = 2147483647;
			files = (
				3A3D21CA1BBAB67700A7D98C /* BeaconTests.m in Sources */,
			);
			runOnlyForDeploymentPostprocessing = 0;
		};
		3A3D21CC1BBAB67700A7D98C /* Sources */ = {
			isa = PBXSourcesBuildPhase;
			buildActionMask = 2147483647;
			files = (
				3A3D21D51BBAB67700A7D98C /* BeaconUITests.m in Sources */,
			);
			runOnlyForDeploymentPostprocessing = 0;
		};
		3A3D21F21BBABBE800A7D98C /* Sources */ = {
			isa = PBXSourcesBuildPhase;
			buildActionMask = 2147483647;
			files = (
				3A3D22021BBABBE900A7D98C /* ExtensionDelegate.m in Sources */,
				3A3D21FF1BBABBE800A7D98C /* InterfaceController.m in Sources */,
				3A3D22051BBABBE900A7D98C /* NotificationController.m in Sources */,
			);
			runOnlyForDeploymentPostprocessing = 0;
		};
/* End PBXSourcesBuildPhase section */

/* Begin PBXTargetDependency section */
		3A3D21C71BBAB67700A7D98C /* PBXTargetDependency */ = {
			isa = PBXTargetDependency;
			target = 3A3D21AB1BBAB67700A7D98C /* Beacon */;
			targetProxy = 3A3D21C61BBAB67700A7D98C /* PBXContainerItemProxy */;
		};
		3A3D21D21BBAB67700A7D98C /* PBXTargetDependency */ = {
			isa = PBXTargetDependency;
			target = 3A3D21AB1BBAB67700A7D98C /* Beacon */;
			targetProxy = 3A3D21D11BBAB67700A7D98C /* PBXContainerItemProxy */;
		};
		3A3D21F91BBABBE800A7D98C /* PBXTargetDependency */ = {
			isa = PBXTargetDependency;
			target = 3A3D21F51BBABBE800A7D98C /* BeaconWatch Extension */;
			targetProxy = 3A3D21F81BBABBE800A7D98C /* PBXContainerItemProxy */;
		};
		3A3D220A1BBABBE900A7D98C /* PBXTargetDependency */ = {
			isa = PBXTargetDependency;
			target = 3A3D21E91BBABBE800A7D98C /* BeaconWatch */;
			targetProxy = 3A3D22091BBABBE900A7D98C /* PBXContainerItemProxy */;
		};
/* End PBXTargetDependency section */

/* Begin PBXVariantGroup section */
		3A3D21B81BBAB67700A7D98C /* Main.storyboard */ = {
			isa = PBXVariantGroup;
			children = (
				3A3D21B91BBAB67700A7D98C /* Base */,
			);
			name = Main.storyboard;
			sourceTree = "<group>";
		};
		3A3D21BD1BBAB67700A7D98C /* LaunchScreen.storyboard */ = {
			isa = PBXVariantGroup;
			children = (
				3A3D21BE1BBAB67700A7D98C /* Base */,
			);
			name = LaunchScreen.storyboard;
			sourceTree = "<group>";
		};
		3A3D21EC1BBABBE800A7D98C /* Interface.storyboard */ = {
			isa = PBXVariantGroup;
			children = (
				3A3D21ED1BBABBE800A7D98C /* Base */,
			);
			name = Interface.storyboard;
			sourceTree = "<group>";
		};
/* End PBXVariantGroup section */

/* Begin XCBuildConfiguration section */
		3A3D21D71BBAB67700A7D98C /* Debug */ = {
			isa = XCBuildConfiguration;
			buildSettings = {
				ALWAYS_SEARCH_USER_PATHS = NO;
				CLANG_CXX_LANGUAGE_STANDARD = "gnu++0x";
				CLANG_CXX_LIBRARY = "libc++";
				CLANG_ENABLE_MODULES = YES;
				CLANG_ENABLE_OBJC_ARC = YES;
				CLANG_WARN_BOOL_CONVERSION = YES;
				CLANG_WARN_CONSTANT_CONVERSION = YES;
				CLANG_WARN_DIRECT_OBJC_ISA_USAGE = YES_ERROR;
				CLANG_WARN_EMPTY_BODY = YES;
				CLANG_WARN_ENUM_CONVERSION = YES;
				CLANG_WARN_INT_CONVERSION = YES;
				CLANG_WARN_OBJC_ROOT_CLASS = YES_ERROR;
				CLANG_WARN_UNREACHABLE_CODE = YES;
				CLANG_WARN__DUPLICATE_METHOD_MATCH = YES;
				"CODE_SIGN_IDENTITY[sdk=iphoneos*]" = "iPhone Developer";
				COPY_PHASE_STRIP = NO;
				DEBUG_INFORMATION_FORMAT = dwarf;
				ENABLE_STRICT_OBJC_MSGSEND = YES;
				ENABLE_TESTABILITY = YES;
				GCC_C_LANGUAGE_STANDARD = gnu99;
				GCC_DYNAMIC_NO_PIC = NO;
				GCC_NO_COMMON_BLOCKS = YES;
				GCC_OPTIMIZATION_LEVEL = 0;
				GCC_PREPROCESSOR_DEFINITIONS = (
					"DEBUG=1",
					"$(inherited)",
				);
				GCC_WARN_64_TO_32_BIT_CONVERSION = YES;
				GCC_WARN_ABOUT_RETURN_TYPE = YES_ERROR;
				GCC_WARN_UNDECLARED_SELECTOR = YES;
				GCC_WARN_UNINITIALIZED_AUTOS = YES_AGGRESSIVE;
				GCC_WARN_UNUSED_FUNCTION = YES;
				GCC_WARN_UNUSED_VARIABLE = YES;
				IPHONEOS_DEPLOYMENT_TARGET = 9.1;
				MTL_ENABLE_DEBUG_INFO = YES;
				ONLY_ACTIVE_ARCH = YES;
				SDKROOT = iphoneos;
			};
			name = Debug;
		};
		3A3D21D81BBAB67700A7D98C /* Release */ = {
			isa = XCBuildConfiguration;
			buildSettings = {
				ALWAYS_SEARCH_USER_PATHS = NO;
				CLANG_CXX_LANGUAGE_STANDARD = "gnu++0x";
				CLANG_CXX_LIBRARY = "libc++";
				CLANG_ENABLE_MODULES = YES;
				CLANG_ENABLE_OBJC_ARC = YES;
				CLANG_WARN_BOOL_CONVERSION = YES;
				CLANG_WARN_CONSTANT_CONVERSION = YES;
				CLANG_WARN_DIRECT_OBJC_ISA_USAGE = YES_ERROR;
				CLANG_WARN_EMPTY_BODY = YES;
				CLANG_WARN_ENUM_CONVERSION = YES;
				CLANG_WARN_INT_CONVERSION = YES;
				CLANG_WARN_OBJC_ROOT_CLASS = YES_ERROR;
				CLANG_WARN_UNREACHABLE_CODE = YES;
				CLANG_WARN__DUPLICATE_METHOD_MATCH = YES;
				"CODE_SIGN_IDENTITY[sdk=iphoneos*]" = "iPhone Developer";
				COPY_PHASE_STRIP = NO;
				DEBUG_INFORMATION_FORMAT = "dwarf-with-dsym";
				ENABLE_NS_ASSERTIONS = NO;
				ENABLE_STRICT_OBJC_MSGSEND = YES;
				GCC_C_LANGUAGE_STANDARD = gnu99;
				GCC_NO_COMMON_BLOCKS = YES;
				GCC_WARN_64_TO_32_BIT_CONVERSION = YES;
				GCC_WARN_ABOUT_RETURN_TYPE = YES_ERROR;
				GCC_WARN_UNDECLARED_SELECTOR = YES;
				GCC_WARN_UNINITIALIZED_AUTOS = YES_AGGRESSIVE;
				GCC_WARN_UNUSED_FUNCTION = YES;
				GCC_WARN_UNUSED_VARIABLE = YES;
				IPHONEOS_DEPLOYMENT_TARGET = 9.1;
				MTL_ENABLE_DEBUG_INFO = NO;
				SDKROOT = iphoneos;
				VALIDATE_PRODUCT = YES;
			};
			name = Release;
		};
		3A3D21DA1BBAB67700A7D98C /* Debug */ = {
			isa = XCBuildConfiguration;
			buildSettings = {
				ASSETCATALOG_COMPILER_APPICON_NAME = AppIcon;
				INFOPLIST_FILE = Beacon/Info.plist;
				IPHONEOS_DEPLOYMENT_TARGET = 8.0;
				LD_RUNPATH_SEARCH_PATHS = "$(inherited) @executable_path/Frameworks";
				PRODUCT_BUNDLE_IDENTIFIER = it.midApp.Beacon;
				PRODUCT_NAME = "$(TARGET_NAME)";
			};
			name = Debug;
		};
		3A3D21DB1BBAB67700A7D98C /* Release */ = {
			isa = XCBuildConfiguration;
			buildSettings = {
				ASSETCATALOG_COMPILER_APPICON_NAME = AppIcon;
				INFOPLIST_FILE = Beacon/Info.plist;
				IPHONEOS_DEPLOYMENT_TARGET = 8.0;
				LD_RUNPATH_SEARCH_PATHS = "$(inherited) @executable_path/Frameworks";
				PRODUCT_BUNDLE_IDENTIFIER = it.midApp.Beacon;
				PRODUCT_NAME = "$(TARGET_NAME)";
			};
			name = Release;
		};
		3A3D21DD1BBAB67700A7D98C /* Debug */ = {
			isa = XCBuildConfiguration;
			buildSettings = {
				BUNDLE_LOADER = "$(TEST_HOST)";
				INFOPLIST_FILE = BeaconTests/Info.plist;
				LD_RUNPATH_SEARCH_PATHS = "$(inherited) @executable_path/Frameworks @loader_path/Frameworks";
				PRODUCT_BUNDLE_IDENTIFIER = it.midApp.BeaconTests;
				PRODUCT_NAME = "$(TARGET_NAME)";
				TEST_HOST = "$(BUILT_PRODUCTS_DIR)/Beacon.app/Beacon";
			};
			name = Debug;
		};
		3A3D21DE1BBAB67700A7D98C /* Release */ = {
			isa = XCBuildConfiguration;
			buildSettings = {
				BUNDLE_LOADER = "$(TEST_HOST)";
				INFOPLIST_FILE = BeaconTests/Info.plist;
				LD_RUNPATH_SEARCH_PATHS = "$(inherited) @executable_path/Frameworks @loader_path/Frameworks";
				PRODUCT_BUNDLE_IDENTIFIER = it.midApp.BeaconTests;
				PRODUCT_NAME = "$(TARGET_NAME)";
				TEST_HOST = "$(BUILT_PRODUCTS_DIR)/Beacon.app/Beacon";
			};
			name = Release;
		};
		3A3D21E01BBAB67700A7D98C /* Debug */ = {
			isa = XCBuildConfiguration;
			buildSettings = {
				INFOPLIST_FILE = BeaconUITests/Info.plist;
				LD_RUNPATH_SEARCH_PATHS = "$(inherited) @executable_path/Frameworks @loader_path/Frameworks";
				PRODUCT_BUNDLE_IDENTIFIER = it.midApp.BeaconUITests;
				PRODUCT_NAME = "$(TARGET_NAME)";
				TEST_TARGET_NAME = Beacon;
				USES_XCTRUNNER = YES;
			};
			name = Debug;
		};
		3A3D21E11BBAB67700A7D98C /* Release */ = {
			isa = XCBuildConfiguration;
			buildSettings = {
				INFOPLIST_FILE = BeaconUITests/Info.plist;
				LD_RUNPATH_SEARCH_PATHS = "$(inherited) @executable_path/Frameworks @loader_path/Frameworks";
				PRODUCT_BUNDLE_IDENTIFIER = it.midApp.BeaconUITests;
				PRODUCT_NAME = "$(TARGET_NAME)";
				TEST_TARGET_NAME = Beacon;
				USES_XCTRUNNER = YES;
			};
			name = Release;
		};
		3A3D220D1BBABBE900A7D98C /* Debug */ = {
			isa = XCBuildConfiguration;
			buildSettings = {
				INFOPLIST_FILE = "BeaconWatch Extension/Info.plist";
				LD_RUNPATH_SEARCH_PATHS = "$(inherited) @executable_path/Frameworks @executable_path/../../Frameworks";
				PRODUCT_BUNDLE_IDENTIFIER = it.midApp.Beacon.watchkitapp.watchkitextension;
				PRODUCT_NAME = "${TARGET_NAME}";
				SDKROOT = watchos;
				SKIP_INSTALL = YES;
				TARGETED_DEVICE_FAMILY = 4;
				WATCHOS_DEPLOYMENT_TARGET = 2.0;
			};
			name = Debug;
		};
		3A3D220E1BBABBE900A7D98C /* Release */ = {
			isa = XCBuildConfiguration;
			buildSettings = {
				INFOPLIST_FILE = "BeaconWatch Extension/Info.plist";
				LD_RUNPATH_SEARCH_PATHS = "$(inherited) @executable_path/Frameworks @executable_path/../../Frameworks";
				PRODUCT_BUNDLE_IDENTIFIER = it.midApp.Beacon.watchkitapp.watchkitextension;
				PRODUCT_NAME = "${TARGET_NAME}";
				SDKROOT = watchos;
				SKIP_INSTALL = YES;
				TARGETED_DEVICE_FAMILY = 4;
				WATCHOS_DEPLOYMENT_TARGET = 2.0;
			};
			name = Release;
		};
		3A3D22111BBABBE900A7D98C /* Debug */ = {
			isa = XCBuildConfiguration;
			buildSettings = {
				ASSETCATALOG_COMPILER_APPICON_NAME = AppIcon;
				IBSC_MODULE = BeaconWatch_Extension;
				INFOPLIST_FILE = BeaconWatch/Info.plist;
				PRODUCT_BUNDLE_IDENTIFIER = it.midApp.Beacon.watchkitapp;
				PRODUCT_NAME = "$(TARGET_NAME)";
				SDKROOT = watchos;
				SKIP_INSTALL = YES;
				TARGETED_DEVICE_FAMILY = 4;
				WATCHOS_DEPLOYMENT_TARGET = 2.0;
			};
			name = Debug;
		};
		3A3D22121BBABBE900A7D98C /* Release */ = {
			isa = XCBuildConfiguration;
			buildSettings = {
				ASSETCATALOG_COMPILER_APPICON_NAME = AppIcon;
				IBSC_MODULE = BeaconWatch_Extension;
				INFOPLIST_FILE = BeaconWatch/Info.plist;
				PRODUCT_BUNDLE_IDENTIFIER = it.midApp.Beacon.watchkitapp;
				PRODUCT_NAME = "$(TARGET_NAME)";
				SDKROOT = watchos;
				SKIP_INSTALL = YES;
				TARGETED_DEVICE_FAMILY = 4;
				WATCHOS_DEPLOYMENT_TARGET = 2.0;
			};
			name = Release;
		};
/* End XCBuildConfiguration section */

/* Begin XCConfigurationList section */
		3A3D21A71BBAB67600A7D98C /* Build configuration list for PBXProject "Beacon" */ = {
			isa = XCConfigurationList;
			buildConfigurations = (
				3A3D21D71BBAB67700A7D98C /* Debug */,
				3A3D21D81BBAB67700A7D98C /* Release */,
			);
			defaultConfigurationIsVisible = 0;
			defaultConfigurationName = Release;
		};
		3A3D21D91BBAB67700A7D98C /* Build configuration list for PBXNativeTarget "Beacon" */ = {
			isa = XCConfigurationList;
			buildConfigurations = (
				3A3D21DA1BBAB67700A7D98C /* Debug */,
				3A3D21DB1BBAB67700A7D98C /* Release */,
			);
			defaultConfigurationIsVisible = 0;
			defaultConfigurationName = Release;
		};
		3A3D21DC1BBAB67700A7D98C /* Build configuration list for PBXNativeTarget "BeaconTests" */ = {
			isa = XCConfigurationList;
			buildConfigurations = (
				3A3D21DD1BBAB67700A7D98C /* Debug */,
				3A3D21DE1BBAB67700A7D98C /* Release */,
			);
			defaultConfigurationIsVisible = 0;
			defaultConfigurationName = Release;
		};
		3A3D21DF1BBAB67700A7D98C /* Build configuration list for PBXNativeTarget "BeaconUITests" */ = {
			isa = XCConfigurationList;
			buildConfigurations = (
				3A3D21E01BBAB67700A7D98C /* Debug */,
				3A3D21E11BBAB67700A7D98C /* Release */,
			);
			defaultConfigurationIsVisible = 0;
			defaultConfigurationName = Release;
		};
		3A3D220C1BBABBE900A7D98C /* Build configuration list for PBXNativeTarget "BeaconWatch Extension" */ = {
			isa = XCConfigurationList;
			buildConfigurations = (
				3A3D220D1BBABBE900A7D98C /* Debug */,
				3A3D220E1BBABBE900A7D98C /* Release */,
			);
			defaultConfigurationIsVisible = 0;
		};
		3A3D22101BBABBE900A7D98C /* Build configuration list for PBXNativeTarget "BeaconWatch" */ = {
			isa = XCConfigurationList;
			buildConfigurations = (
				3A3D22111BBABBE900A7D98C /* Debug */,
				3A3D22121BBABBE900A7D98C /* Release */,
			);
			defaultConfigurationIsVisible = 0;
		};
/* End XCConfigurationList section */
	};
	rootObject = 3A3D21A41BBAB67600A7D98C /* Project object */;
}
